
Microsoft Visual Studio Solution File, Format Version 12.00
# Visual Studio 2012
Project("{FAE04EC0-301F-11D3-BF4B-00C04F79EFBC}") = "truedrops.pk", "truedrops.pk\truedrops.pk.csproj", "{59505FA1-2E66-43C8-8DE9-CAB5F3D74B15}"
EndProject
Global
	GlobalSection(SolutionConfigurationPlatforms) = preSolution
		Debug|Any CPU = Debug|Any CPU
		Release|Any CPU = Release|Any CPU
	EndGlobalSection
	GlobalSection(ProjectConfigurationPlatforms) = postSolution
		{59505FA1-2E66-43C8-8DE9-CAB5F3D74B15}.Debug|Any CPU.ActiveCfg = Debug|Any CPU
		{59505FA1-2E66-43C8-8DE9-CAB5F3D74B15}.Debug|Any CPU.Build.0 = Debug|Any CPU
		{59505FA1-2E66-43C8-8DE9-CAB5F3D74B15}.Release|Any CPU.ActiveCfg = Release|Any CPU
		{59505FA1-2E66-43C8-8DE9-CAB5F3D74B15}.Release|Any CPU.Build.0 = Release|Any CPU
	EndGlobalSection
	GlobalSection(SolutionProperties) = preSolution
		HideSolutionNode = FALSE
	EndGlobalSection
EndGlobal
